// !$*UTF8*$!
{
	archiveVersion = 1;
	classes = {
	};
	objectVersion = 50;
	objects = {

/* Begin PBXBuildFile section */
		8B518B5322E6FD8600C1C12C /* AppDelegate.m in Sources */ = {isa = PBXBuildFile; fileRef = 8B518B5222E6FD8600C1C12C /* AppDelegate.m */; };
		8B518B5622E6FD8600C1C12C /* ViewController.m in Sources */ = {isa = PBXBuildFile; fileRef = 8B518B5522E6FD8600C1C12C /* ViewController.m */; };
		8B518B5922E6FD8600C1C12C /* Main.storyboard in Resources */ = {isa = PBXBuildFile; fileRef = 8B518B5722E6FD8600C1C12C /* Main.storyboard */; };
		8B518B5B22E6FD8700C1C12C /* Assets.xcassets in Resources */ = {isa = PBXBuildFile; fileRef = 8B518B5A22E6FD8700C1C12C /* Assets.xcassets */; };
		8B518B5E22E6FD8700C1C12C /* LaunchScreen.storyboard in Resources */ = {isa = PBXBuildFile; fileRef = 8B518B5C22E6FD8700C1C12C /* LaunchScreen.storyboard */; };
		8B518B6122E6FD8700C1C12C /* main.m in Sources */ = {isa = PBXBuildFile; fileRef = 8B518B6022E6FD8700C1C12C /* main.m */; };
		8B518BE122E704AD00C1C12C /* WLCollectionViewDelegate.m in Sources */ = {isa = PBXBuildFile; fileRef = 8B518BCF22E704AD00C1C12C /* WLCollectionViewDelegate.m */; };
		8B518BE222E704AD00C1C12C /* WLBaseCollectionViewLayerModel.m in Sources */ = {isa = PBXBuildFile; fileRef = 8B518BD122E704AD00C1C12C /* WLBaseCollectionViewLayerModel.m */; };
		8B518BE322E704AD00C1C12C /* WLCollectionReusableView.m in Sources */ = {isa = PBXBuildFile; fileRef = 8B518BD522E704AD00C1C12C /* WLCollectionReusableView.m */; };
		8B518BE422E704AD00C1C12C /* WLCollectionViewFlowLayout.m in Sources */ = {isa = PBXBuildFile; fileRef = 8B518BD622E704AD00C1C12C /* WLCollectionViewFlowLayout.m */; };
		8B518BE522E704AD00C1C12C /* WLCollectionViewLayoutAttributes.m in Sources */ = {isa = PBXBuildFile; fileRef = 8B518BD722E704AD00C1C12C /* WLCollectionViewLayoutAttributes.m */; };
		8B518BE622E704AD00C1C12C /* WLBaseTableViewLayerModel.m in Sources */ = {isa = PBXBuildFile; fileRef = 8B518BDE22E704AD00C1C12C /* WLBaseTableViewLayerModel.m */; };
		8B518BE722E704AD00C1C12C /* WLTableViewDelegate.m in Sources */ = {isa = PBXBuildFile; fileRef = 8B518BDF22E704AD00C1C12C /* WLTableViewDelegate.m */; };
		8B518BEA22E704B800C1C12C /* TableViewController.m in Sources */ = {isa = PBXBuildFile; fileRef = 8B518BE922E704B800C1C12C /* TableViewController.m */; };
/* End PBXBuildFile section */

/* Begin PBXContainerItemProxy section */
		8B518B6722E6FD8700C1C12C /* PBXContainerItemProxy */ = {
			isa = PBXContainerItemProxy;
			containerPortal = 8B518B4622E6FD8600C1C12C /* Project object */;
			proxyType = 1;
			remoteGlobalIDString = 8B518B4D22E6FD8600C1C12C;
			remoteInfo = WLListView;
		};
		8B518B7222E6FD8700C1C12C /* PBXContainerItemProxy */ = {
			isa = PBXContainerItemProxy;
			containerPortal = 8B518B4622E6FD8600C1C12C /* Project object */;
			proxyType = 1;
			remoteGlobalIDString = 8B518B4D22E6FD8600C1C12C;
			remoteInfo = WLListView;
		};
/* End PBXContainerItemProxy section */

/* Begin PBXFileReference section */
		8B518B4E22E6FD8600C1C12C /* WLListView.app */ = {isa = PBXFileReference; explicitFileType = wrapper.application; includeInIndex = 0; path = WLListView.app; sourceTree = BUILT_PRODUCTS_DIR; };
		8B518B5122E6FD8600C1C12C /* AppDelegate.h */ = {isa = PBXFileReference; lastKnownFileType = sourcecode.c.h; path = AppDelegate.h; sourceTree = "<group>"; };
		8B518B5222E6FD8600C1C12C /* AppDelegate.m */ = {isa = PBXFileReference; lastKnownFileType = sourcecode.c.objc; path = AppDelegate.m; sourceTree = "<group>"; };
		8B518B5422E6FD8600C1C12C /* ViewController.h */ = {isa = PBXFileReference; lastKnownFileType = sourcecode.c.h; path = ViewController.h; sourceTree = "<group>"; };
		8B518B5522E6FD8600C1C12C /* ViewController.m */ = {isa = PBXFileReference; lastKnownFileType = sourcecode.c.objc; path = ViewController.m; sourceTree = "<group>"; };
		8B518B5822E6FD8600C1C12C /* Base */ = {isa = PBXFileReference; lastKnownFileType = file.storyboard; name = Base; path = Base.lproj/Main.storyboard; sourceTree = "<group>"; };
		8B518B5A22E6FD8700C1C12C /* Assets.xcassets */ = {isa = PBXFileReference; lastKnownFileType = folder.assetcatalog; path = Assets.xcassets; sourceTree = "<group>"; };
		8B518B5D22E6FD8700C1C12C /* Base */ = {isa = PBXFileReference; lastKnownFileType = file.storyboard; name = Base; path = Base.lproj/LaunchScreen.storyboard; sourceTree = "<group>"; };
		8B518B5F22E6FD8700C1C12C /* Info.plist */ = {isa = PBXFileReference; lastKnownFileType = text.plist.xml; path = Info.plist; sourceTree = "<group>"; };
		8B518B6022E6FD8700C1C12C /* main.m */ = {isa = PBXFileReference; lastKnownFileType = sourcecode.c.objc; path = main.m; sourceTree = "<group>"; };
		8B518B6622E6FD8700C1C12C /* WLListViewTests.xctest */ = {isa = PBXFileReference; explicitFileType = wrapper.cfbundle; includeInIndex = 0; path = WLListViewTests.xctest; sourceTree = BUILT_PRODUCTS_DIR; };
		8B518B7122E6FD8700C1C12C /* WLListViewUITests.xctest */ = {isa = PBXFileReference; explicitFileType = wrapper.cfbundle; includeInIndex = 0; path = WLListViewUITests.xctest; sourceTree = BUILT_PRODUCTS_DIR; };
		8B518BCF22E704AD00C1C12C /* WLCollectionViewDelegate.m */ = {isa = PBXFileReference; fileEncoding = 4; lastKnownFileType = sourcecode.c.objc; path = WLCollectionViewDelegate.m; sourceTree = "<group>"; };
		8B518BD122E704AD00C1C12C /* WLBaseCollectionViewLayerModel.m */ = {isa = PBXFileReference; fileEncoding = 4; lastKnownFileType = sourcecode.c.objc; path = WLBaseCollectionViewLayerModel.m; sourceTree = "<group>"; };
		8B518BD222E704AD00C1C12C /* WLBaseCollectionViewLayerModel.h */ = {isa = PBXFileReference; fileEncoding = 4; lastKnownFileType = sourcecode.c.h; path = WLBaseCollectionViewLayerModel.h; sourceTree = "<group>"; };
		8B518BD422E704AD00C1C12C /* WLCollectionViewLayoutAttributes.h */ = {isa = PBXFileReference; fileEncoding = 4; lastKnownFileType = sourcecode.c.h; path = WLCollectionViewLayoutAttributes.h; sourceTree = "<group>"; };
		8B518BD522E704AD00C1C12C /* WLCollectionReusableView.m */ = {isa = PBXFileReference; fileEncoding = 4; lastKnownFileType = sourcecode.c.objc; path = WLCollectionReusableView.m; sourceTree = "<group>"; };
		8B518BD622E704AD00C1C12C /* WLCollectionViewFlowLayout.m */ = {isa = PBXFileReference; fileEncoding = 4; lastKnownFileType = sourcecode.c.objc; path = WLCollectionViewFlowLayout.m; sourceTree = "<group>"; };
		8B518BD722E704AD00C1C12C /* WLCollectionViewLayoutAttributes.m */ = {isa = PBXFileReference; fileEncoding = 4; lastKnownFileType = sourcecode.c.objc; path = WLCollectionViewLayoutAttributes.m; sourceTree = "<group>"; };
		8B518BD822E704AD00C1C12C /* WLCollectionReusableView.h */ = {isa = PBXFileReference; fileEncoding = 4; lastKnownFileType = sourcecode.c.h; path = WLCollectionReusableView.h; sourceTree = "<group>"; };
		8B518BD922E704AD00C1C12C /* WLCollectionViewFlowLayout.h */ = {isa = PBXFileReference; fileEncoding = 4; lastKnownFileType = sourcecode.c.h; path = WLCollectionViewFlowLayout.h; sourceTree = "<group>"; };
		8B518BDA22E704AD00C1C12C /* WLCollectionViewDelegate.h */ = {isa = PBXFileReference; fileEncoding = 4; lastKnownFileType = sourcecode.c.h; path = WLCollectionViewDelegate.h; sourceTree = "<group>"; };
		8B518BDD22E704AD00C1C12C /* WLBaseTableViewLayerModel.h */ = {isa = PBXFileReference; fileEncoding = 4; lastKnownFileType = sourcecode.c.h; path = WLBaseTableViewLayerModel.h; sourceTree = "<group>"; };
		8B518BDE22E704AD00C1C12C /* WLBaseTableViewLayerModel.m */ = {isa = PBXFileReference; fileEncoding = 4; lastKnownFileType = sourcecode.c.objc; path = WLBaseTableViewLayerModel.m; sourceTree = "<group>"; };
		8B518BDF22E704AD00C1C12C /* WLTableViewDelegate.m */ = {isa = PBXFileReference; fileEncoding = 4; lastKnownFileType = sourcecode.c.objc; path = WLTableViewDelegate.m; sourceTree = "<group>"; };
		8B518BE022E704AD00C1C12C /* WLTableViewDelegate.h */ = {isa = PBXFileReference; fileEncoding = 4; lastKnownFileType = sourcecode.c.h; path = WLTableViewDelegate.h; sourceTree = "<group>"; };
		8B518BE822E704B800C1C12C /* TableViewController.h */ = {isa = PBXFileReference; lastKnownFileType = sourcecode.c.h; path = TableViewController.h; sourceTree = "<group>"; };
		8B518BE922E704B800C1C12C /* TableViewController.m */ = {isa = PBXFileReference; lastKnownFileType = sourcecode.c.objc; path = TableViewController.m; sourceTree = "<group>"; };
/* End PBXFileReference section */

/* Begin PBXFrameworksBuildPhase section */
		8B518B4B22E6FD8600C1C12C /* Frameworks */ = {
			isa = PBXFrameworksBuildPhase;
			buildActionMask = 2147483647;
			files = (
			);
			runOnlyForDeploymentPostprocessing = 0;
		};
		8B518B6322E6FD8700C1C12C /* Frameworks */ = {
			isa = PBXFrameworksBuildPhase;
			buildActionMask = 2147483647;
			files = (
			);
			runOnlyForDeploymentPostprocessing = 0;
		};
		8B518B6E22E6FD8700C1C12C /* Frameworks */ = {
			isa = PBXFrameworksBuildPhase;
			buildActionMask = 2147483647;
			files = (
			);
			runOnlyForDeploymentPostprocessing = 0;
		};
/* End PBXFrameworksBuildPhase section */

/* Begin PBXGroup section */
		8B518B4522E6FD8600C1C12C = {
			isa = PBXGroup;
			children = (
				8B518B5022E6FD8600C1C12C /* WLListView */,
				8B518B4F22E6FD8600C1C12C /* Products */,
			);
			sourceTree = "<group>";
		};
		8B518B4F22E6FD8600C1C12C /* Products */ = {
			isa = PBXGroup;
			children = (
				8B518B4E22E6FD8600C1C12C /* WLListView.app */,
				8B518B6622E6FD8700C1C12C /* WLListViewTests.xctest */,
				8B518B7122E6FD8700C1C12C /* WLListViewUITests.xctest */,
			);
			name = Products;
			sourceTree = "<group>";
		};
		8B518B5022E6FD8600C1C12C /* WLListView */ = {
			isa = PBXGroup;
			children = (
				8B518BCD22E704AD00C1C12C /* WLListView */,
				8B518B5122E6FD8600C1C12C /* AppDelegate.h */,
				8B518B5222E6FD8600C1C12C /* AppDelegate.m */,
				8B518B5422E6FD8600C1C12C /* ViewController.h */,
				8B518B5522E6FD8600C1C12C /* ViewController.m */,
				8B518B5722E6FD8600C1C12C /* Main.storyboard */,
				8B518B5A22E6FD8700C1C12C /* Assets.xcassets */,
				8B518B5C22E6FD8700C1C12C /* LaunchScreen.storyboard */,
				8B518B5F22E6FD8700C1C12C /* Info.plist */,
				8B518B6022E6FD8700C1C12C /* main.m */,
				8B518BE822E704B800C1C12C /* TableViewController.h */,
				8B518BE922E704B800C1C12C /* TableViewController.m */,
			);
			path = WLListView;
			sourceTree = "<group>";
		};
		8B518BCD22E704AD00C1C12C /* WLListView */ = {
			isa = PBXGroup;
			children = (
				8B518BCE22E704AD00C1C12C /* UICollectionView */,
				8B518BDB22E704AD00C1C12C /* UITableView */,
			);
			path = WLListView;
			sourceTree = "<group>";
		};
		8B518BCE22E704AD00C1C12C /* UICollectionView */ = {
			isa = PBXGroup;
			children = (
				8B518BCF22E704AD00C1C12C /* WLCollectionViewDelegate.m */,
				8B518BD022E704AD00C1C12C /* WLCollectionModel */,
				8B518BD322E704AD00C1C12C /* WLCollectionFlowLayout */,
				8B518BDA22E704AD00C1C12C /* WLCollectionViewDelegate.h */,
			);
			path = UICollectionView;
			sourceTree = "<group>";
		};
		8B518BD022E704AD00C1C12C /* WLCollectionModel */ = {
			isa = PBXGroup;
			children = (
				8B518BD122E704AD00C1C12C /* WLBaseCollectionViewLayerModel.m */,
				8B518BD222E704AD00C1C12C /* WLBaseCollectionViewLayerModel.h */,
			);
			path = WLCollectionModel;
			sourceTree = "<group>";
		};
		8B518BD322E704AD00C1C12C /* WLCollectionFlowLayout */ = {
			isa = PBXGroup;
			children = (
				8B518BD422E704AD00C1C12C /* WLCollectionViewLayoutAttributes.h */,
				8B518BD522E704AD00C1C12C /* WLCollectionReusableView.m */,
				8B518BD622E704AD00C1C12C /* WLCollectionViewFlowLayout.m */,
				8B518BD722E704AD00C1C12C /* WLCollectionViewLayoutAttributes.m */,
				8B518BD822E704AD00C1C12C /* WLCollectionReusableView.h */,
				8B518BD922E704AD00C1C12C /* WLCollectionViewFlowLayout.h */,
			);
			path = WLCollectionFlowLayout;
			sourceTree = "<group>";
		};
		8B518BDB22E704AD00C1C12C /* UITableView */ = {
			isa = PBXGroup;
			children = (
				8B518BDC22E704AD00C1C12C /* WLTableViewModel */,
				8B518BDF22E704AD00C1C12C /* WLTableViewDelegate.m */,
				8B518BE022E704AD00C1C12C /* WLTableViewDelegate.h */,
			);
			path = UITableView;
			sourceTree = "<group>";
		};
		8B518BDC22E704AD00C1C12C /* WLTableViewModel */ = {
			isa = PBXGroup;
			children = (
				8B518BDD22E704AD00C1C12C /* WLBaseTableViewLayerModel.h */,
				8B518BDE22E704AD00C1C12C /* WLBaseTableViewLayerModel.m */,
			);
			path = WLTableViewModel;
			sourceTree = "<group>";
		};
/* End PBXGroup section */

/* Begin PBXNativeTarget section */
		8B518B4D22E6FD8600C1C12C /* WLListView */ = {
			isa = PBXNativeTarget;
			buildConfigurationList = 8B518B7A22E6FD8700C1C12C /* Build configuration list for PBXNativeTarget "WLListView" */;
			buildPhases = (
				8B518B4A22E6FD8600C1C12C /* Sources */,
				8B518B4B22E6FD8600C1C12C /* Frameworks */,
				8B518B4C22E6FD8600C1C12C /* Resources */,
			);
			buildRules = (
			);
			dependencies = (
			);
			name = WLListView;
			productName = WLListView;
			productReference = 8B518B4E22E6FD8600C1C12C /* WLListView.app */;
			productType = "com.apple.product-type.application";
		};
		8B518B6522E6FD8700C1C12C /* WLListViewTests */ = {
			isa = PBXNativeTarget;
			buildConfigurationList = 8B518B7D22E6FD8700C1C12C /* Build configuration list for PBXNativeTarget "WLListViewTests" */;
			buildPhases = (
				8B518B6222E6FD8700C1C12C /* Sources */,
				8B518B6322E6FD8700C1C12C /* Frameworks */,
				8B518B6422E6FD8700C1C12C /* Resources */,
			);
			buildRules = (
			);
			dependencies = (
				8B518B6822E6FD8700C1C12C /* PBXTargetDependency */,
			);
			name = WLListViewTests;
			productName = WLListViewTests;
			productReference = 8B518B6622E6FD8700C1C12C /* WLListViewTests.xctest */;
			productType = "com.apple.product-type.bundle.unit-test";
		};
		8B518B7022E6FD8700C1C12C /* WLListViewUITests */ = {
			isa = PBXNativeTarget;
			buildConfigurationList = 8B518B8022E6FD8700C1C12C /* Build configuration list for PBXNativeTarget "WLListViewUITests" */;
			buildPhases = (
				8B518B6D22E6FD8700C1C12C /* Sources */,
				8B518B6E22E6FD8700C1C12C /* Frameworks */,
				8B518B6F22E6FD8700C1C12C /* Resources */,
			);
			buildRules = (
			);
			dependencies = (
				8B518B7322E6FD8700C1C12C /* PBXTargetDependency */,
			);
			name = WLListViewUITests;
			productName = WLListViewUITests;
			productReference = 8B518B7122E6FD8700C1C12C /* WLListViewUITests.xctest */;
			productType = "com.apple.product-type.bundle.ui-testing";
		};
/* End PBXNativeTarget section */

/* Begin PBXProject section */
		8B518B4622E6FD8600C1C12C /* Project object */ = {
			isa = PBXProject;
			attributes = {
				LastUpgradeCheck = 1010;
				ORGANIZATIONNAME = WangLiang;
				TargetAttributes = {
					8B518B4D22E6FD8600C1C12C = {
						CreatedOnToolsVersion = 10.1;
					};
					8B518B6522E6FD8700C1C12C = {
						CreatedOnToolsVersion = 10.1;
						TestTargetID = 8B518B4D22E6FD8600C1C12C;
					};
					8B518B7022E6FD8700C1C12C = {
						CreatedOnToolsVersion = 10.1;
						TestTargetID = 8B518B4D22E6FD8600C1C12C;
					};
				};
			};
			buildConfigurationList = 8B518B4922E6FD8600C1C12C /* Build configuration list for PBXProject "WLListView" */;
			compatibilityVersion = "Xcode 9.3";
			developmentRegion = en;
			hasScannedForEncodings = 0;
			knownRegions = (
				en,
				Base,
			);
			mainGroup = 8B518B4522E6FD8600C1C12C;
			productRefGroup = 8B518B4F22E6FD8600C1C12C /* Products */;
			projectDirPath = "";
			projectRoot = "";
			targets = (
				8B518B4D22E6FD8600C1C12C /* WLListView */,
				8B518B6522E6FD8700C1C12C /* WLListViewTests */,
				8B518B7022E6FD8700C1C12C /* WLListViewUITests */,
			);
		};
/* End PBXProject section */

/* Begin PBXResourcesBuildPhase section */
		8B518B4C22E6FD8600C1C12C /* Resources */ = {
			isa = PBXResourcesBuildPhase;
			buildActionMask = 2147483647;
			files = (
				8B518B5E22E6FD8700C1C12C /* LaunchScreen.storyboard in Resources */,
				8B518B5B22E6FD8700C1C12C /* Assets.xcassets in Resources */,
				8B518B5922E6FD8600C1C12C /* Main.storyboard in Resources */,
			);
			runOnlyForDeploymentPostprocessing = 0;
		};
		8B518B6422E6FD8700C1C12C /* Resources */ = {
			isa = PBXResourcesBuildPhase;
			buildActionMask = 2147483647;
			files = (
			);
			runOnlyForDeploymentPostprocessing = 0;
		};
		8B518B6F22E6FD8700C1C12C /* Resources */ = {
			isa = PBXResourcesBuildPhase;
			buildActionMask = 2147483647;
			files = (
			);
			runOnlyForDeploymentPostprocessing = 0;
		};
/* End PBXResourcesBuildPhase section */

/* Begin PBXSourcesBuildPhase section */
		8B518B4A22E6FD8600C1C12C /* Sources */ = {
			isa = PBXSourcesBuildPhase;
			buildActionMask = 2147483647;
			files = (
				8B518BEA22E704B800C1C12C /* TableViewController.m in Sources */,
				8B518BE322E704AD00C1C12C /* WLCollectionReusableView.m in Sources */,
				8B518BE622E704AD00C1C12C /* WLBaseTableViewLayerModel.m in Sources */,
				8B518BE422E704AD00C1C12C /* WLCollectionViewFlowLayout.m in Sources */,
				8B518B5622E6FD8600C1C12C /* ViewController.m in Sources */,
				8B518B6122E6FD8700C1C12C /* main.m in Sources */,
				8B518BE522E704AD00C1C12C /* WLCollectionViewLayoutAttributes.m in Sources */,
				8B518BE122E704AD00C1C12C /* WLCollectionViewDelegate.m in Sources */,
				8B518BE722E704AD00C1C12C /* WLTableViewDelegate.m in Sources */,
				8B518B5322E6FD8600C1C12C /* AppDelegate.m in Sources */,
				8B518BE222E704AD00C1C12C /* WLBaseCollectionViewLayerModel.m in Sources */,
			);
			runOnlyForDeploymentPostprocessing = 0;
		};
		8B518B6222E6FD8700C1C12C /* Sources */ = {
			isa = PBXSourcesBuildPhase;
			buildActionMask = 2147483647;
			files = (
			);
			runOnlyForDeploymentPostprocessing = 0;
		};
		8B518B6D22E6FD8700C1C12C /* Sources */ = {
			isa = PBXSourcesBuildPhase;
			buildActionMask = 2147483647;
			files = (
			);
			runOnlyForDeploymentPostprocessing = 0;
		};
/* End PBXSourcesBuildPhase section */

/* Begin PBXTargetDependency section */
		8B518B6822E6FD8700C1C12C /* PBXTargetDependency */ = {
			isa = PBXTargetDependency;
			target = 8B518B4D22E6FD8600C1C12C /* WLListView */;
			targetProxy = 8B518B6722E6FD8700C1C12C /* PBXContainerItemProxy */;
		};
		8B518B7322E6FD8700C1C12C /* PBXTargetDependency */ = {
			isa = PBXTargetDependency;
			target = 8B518B4D22E6FD8600C1C12C /* WLListView */;
			targetProxy = 8B518B7222E6FD8700C1C12C /* PBXContainerItemProxy */;
		};
/* End PBXTargetDependency section */

/* Begin PBXVariantGroup section */
		8B518B5722E6FD8600C1C12C /* Main.storyboard */ = {
			isa = PBXVariantGroup;
			children = (
				8B518B5822E6FD8600C1C12C /* Base */,
			);
			name = Main.storyboard;
			sourceTree = "<group>";
		};
		8B518B5C22E6FD8700C1C12C /* LaunchScreen.storyboard */ = {
			isa = PBXVariantGroup;
			children = (
				8B518B5D22E6FD8700C1C12C /* Base */,
			);
			name = LaunchScreen.storyboard;
			sourceTree = "<group>";
		};
/* End PBXVariantGroup section */

/* Begin XCBuildConfiguration section */
		8B518B7822E6FD8700C1C12C /* Debug */ = {
			isa = XCBuildConfiguration;
			buildSettings = {
				ALWAYS_SEARCH_USER_PATHS = NO;
				CLANG_ANALYZER_NONNULL = YES;
				CLANG_ANALYZER_NUMBER_OBJECT_CONVERSION = YES_AGGRESSIVE;
				CLANG_CXX_LANGUAGE_STANDARD = "gnu++14";
				CLANG_CXX_LIBRARY = "libc++";
				CLANG_ENABLE_MODULES = YES;
				CLANG_ENABLE_OBJC_ARC = YES;
				CLANG_ENABLE_OBJC_WEAK = YES;
				CLANG_WARN_BLOCK_CAPTURE_AUTORELEASING = YES;
				CLANG_WARN_BOOL_CONVERSION = YES;
				CLANG_WARN_COMMA = YES;
				CLANG_WARN_CONSTANT_CONVERSION = YES;
				CLANG_WARN_DEPRECATED_OBJC_IMPLEMENTATIONS = YES;
				CLANG_WARN_DIRECT_OBJC_ISA_USAGE = YES_ERROR;
				CLANG_WARN_DOCUMENTATION_COMMENTS = YES;
				CLANG_WARN_EMPTY_BODY = YES;
				CLANG_WARN_ENUM_CONVERSION = YES;
				CLANG_WARN_INFINITE_RECURSION = YES;
				CLANG_WARN_INT_CONVERSION = YES;
				CLANG_WARN_NON_LITERAL_NULL_CONVERSION = YES;
				CLANG_WARN_OBJC_IMPLICIT_RETAIN_SELF = YES;
				CLANG_WARN_OBJC_LITERAL_CONVERSION = YES;
				CLANG_WARN_OBJC_ROOT_CLASS = YES_ERROR;
				CLANG_WARN_RANGE_LOOP_ANALYSIS = YES;
				CLANG_WARN_STRICT_PROTOTYPES = YES;
				CLANG_WARN_SUSPICIOUS_MOVE = YES;
				CLANG_WARN_UNGUARDED_AVAILABILITY = YES_AGGRESSIVE;
				CLANG_WARN_UNREACHABLE_CODE = YES;
				CLANG_WARN__DUPLICATE_METHOD_MATCH = YES;
				CODE_SIGN_IDENTITY = "iPhone Developer";
				COPY_PHASE_STRIP = NO;
				DEBUG_INFORMATION_FORMAT = dwarf;
				ENABLE_STRICT_OBJC_MSGSEND = YES;
				ENABLE_TESTABILITY = YES;
				GCC_C_LANGUAGE_STANDARD = gnu11;
				GCC_DYNAMIC_NO_PIC = NO;
				GCC_NO_COMMON_BLOCKS = YES;
				GCC_OPTIMIZATION_LEVEL = 0;
				GCC_PREPROCESSOR_DEFINITIONS = (
					"DEBUG=1",
					"$(inherited)",
				);
				GCC_WARN_64_TO_32_BIT_CONVERSION = YES;
				GCC_WARN_ABOUT_RETURN_TYPE = YES_ERROR;
				GCC_WARN_UNDECLARED_SELECTOR = YES;
				GCC_WARN_UNINITIALIZED_AUTOS = YES_AGGRESSIVE;
				GCC_WARN_UNUSED_FUNCTION = YES;
				GCC_WARN_UNUSED_VARIABLE = YES;
				IPHONEOS_DEPLOYMENT_TARGET = 12.1;
				MTL_ENABLE_DEBUG_INFO = INCLUDE_SOURCE;
				MTL_FAST_MATH = YES;
				ONLY_ACTIVE_ARCH = YES;
				SDKROOT = iphoneos;
			};
			name = Debug;
		};
		8B518B7922E6FD8700C1C12C /* Release */ = {
			isa = XCBuildConfiguration;
			buildSettings = {
				ALWAYS_SEARCH_USER_PATHS = NO;
				CLANG_ANALYZER_NONNULL = YES;
				CLANG_ANALYZER_NUMBER_OBJECT_CONVERSION = YES_AGGRESSIVE;
				CLANG_CXX_LANGUAGE_STANDARD = "gnu++14";
				CLANG_CXX_LIBRARY = "libc++";
				CLANG_ENABLE_MODULES = YES;
				CLANG_ENABLE_OBJC_ARC = YES;
				CLANG_ENABLE_OBJC_WEAK = YES;
				CLANG_WARN_BLOCK_CAPTURE_AUTORELEASING = YES;
				CLANG_WARN_BOOL_CONVERSION = YES;
				CLANG_WARN_COMMA = YES;
				CLANG_WARN_CONSTANT_CONVERSION = YES;
				CLANG_WARN_DEPRECATED_OBJC_IMPLEMENTATIONS = YES;
				CLANG_WARN_DIRECT_OBJC_ISA_USAGE = YES_ERROR;
				CLANG_WARN_DOCUMENTATION_COMMENTS = YES;
				CLANG_WARN_EMPTY_BODY = YES;
				CLANG_WARN_ENUM_CONVERSION = YES;
				CLANG_WARN_INFINITE_RECURSION = YES;
				CLANG_WARN_INT_CONVERSION = YES;
				CLANG_WARN_NON_LITERAL_NULL_CONVERSION = YES;
				CLANG_WARN_OBJC_IMPLICIT_RETAIN_SELF = YES;
				CLANG_WARN_OBJC_LITERAL_CONVERSION = YES;
				CLANG_WARN_OBJC_ROOT_CLASS = YES_ERROR;
				CLANG_WARN_RANGE_LOOP_ANALYSIS = YES;
				CLANG_WARN_STRICT_PROTOTYPES = YES;
				CLANG_WARN_SUSPICIOUS_MOVE = YES;
				CLANG_WARN_UNGUARDED_AVAILABILITY = YES_AGGRESSIVE;
				CLANG_WARN_UNREACHABLE_CODE = YES;
				CLANG_WARN__DUPLICATE_METHOD_MATCH = YES;
				CODE_SIGN_IDENTITY = "iPhone Developer";
				COPY_PHASE_STRIP = NO;
				DEBUG_INFORMATION_FORMAT = "dwarf-with-dsym";
				ENABLE_NS_ASSERTIONS = NO;
				ENABLE_STRICT_OBJC_MSGSEND = YES;
				GCC_C_LANGUAGE_STANDARD = gnu11;
				GCC_NO_COMMON_BLOCKS = YES;
				GCC_WARN_64_TO_32_BIT_CONVERSION = YES;
				GCC_WARN_ABOUT_RETURN_TYPE = YES_ERROR;
				GCC_WARN_UNDECLARED_SELECTOR = YES;
				GCC_WARN_UNINITIALIZED_AUTOS = YES_AGGRESSIVE;
				GCC_WARN_UNUSED_FUNCTION = YES;
				GCC_WARN_UNUSED_VARIABLE = YES;
				IPHONEOS_DEPLOYMENT_TARGET = 12.1;
				MTL_ENABLE_DEBUG_INFO = NO;
				MTL_FAST_MATH = YES;
				SDKROOT = iphoneos;
				VALIDATE_PRODUCT = YES;
			};
			name = Release;
		};
		8B518B7B22E6FD8700C1C12C /* Debug */ = {
			isa = XCBuildConfiguration;
			buildSettings = {
				ASSETCATALOG_COMPILER_APPICON_NAME = AppIcon;
				CODE_SIGN_STYLE = Automatic;
				INFOPLIST_FILE = WLListView/Info.plist;
				LD_RUNPATH_SEARCH_PATHS = (
					"$(inherited)",
					"@executable_path/Frameworks",
				);
				PRODUCT_BUNDLE_IDENTIFIER = DaLiang.WLListView;
				PRODUCT_NAME = "$(TARGET_NAME)";
				TARGETED_DEVICE_FAMILY = "1,2";
			};
			name = Debug;
		};
		8B518B7C22E6FD8700C1C12C /* Release */ = {
			isa = XCBuildConfiguration;
			buildSettings = {
				ASSETCATALOG_COMPILER_APPICON_NAME = AppIcon;
				CODE_SIGN_STYLE = Automatic;
				INFOPLIST_FILE = WLListView/Info.plist;
				LD_RUNPATH_SEARCH_PATHS = (
					"$(inherited)",
					"@executable_path/Frameworks",
				);
				PRODUCT_BUNDLE_IDENTIFIER = DaLiang.WLListView;
				PRODUCT_NAME = "$(TARGET_NAME)";
				TARGETED_DEVICE_FAMILY = "1,2";
			};
			name = Release;
		};
		8B518B7E22E6FD8700C1C12C /* Debug */ = {
			isa = XCBuildConfiguration;
			buildSettings = {
				BUNDLE_LOADER = "$(TEST_HOST)";
				CODE_SIGN_STYLE = Automatic;
				INFOPLIST_FILE = WLListViewTests/Info.plist;
				LD_RUNPATH_SEARCH_PATHS = (
					"$(inherited)",
					"@executable_path/Frameworks",
					"@loader_path/Frameworks",
				);
				PRODUCT_BUNDLE_IDENTIFIER = DaLiang.WLListViewTests;
				PRODUCT_NAME = "$(TARGET_NAME)";
				TARGETED_DEVICE_FAMILY = "1,2";
				TEST_HOST = "$(BUILT_PRODUCTS_DIR)/WLListView.app/WLListView";
			};
			name = Debug;
		};
		8B518B7F22E6FD8700C1C12C /* Release */ = {
			isa = XCBuildConfiguration;
			buildSettings = {
				BUNDLE_LOADER = "$(TEST_HOST)";
				CODE_SIGN_STYLE = Automatic;
				INFOPLIST_FILE = WLListViewTests/Info.plist;
				LD_RUNPATH_SEARCH_PATHS = (
					"$(inherited)",
					"@executable_path/Frameworks",
					"@loader_path/Frameworks",
				);
				PRODUCT_BUNDLE_IDENTIFIER = DaLiang.WLListViewTests;
				PRODUCT_NAME = "$(TARGET_NAME)";
				TARGETED_DEVICE_FAMILY = "1,2";
				TEST_HOST = "$(BUILT_PRODUCTS_DIR)/WLListView.app/WLListView";
			};
			name = Release;
		};
		8B518B8122E6FD8700C1C12C /* Debug */ = {
			isa = XCBuildConfiguration;
			buildSettings = {
				CODE_SIGN_STYLE = Automatic;
				INFOPLIST_FILE = WLListViewUITests/Info.plist;
				LD_RUNPATH_SEARCH_PATHS = (
					"$(inherited)",
					"@executable_path/Frameworks",
					"@loader_path/Frameworks",
				);
				PRODUCT_BUNDLE_IDENTIFIER = DaLiang.WLListViewUITests;
				PRODUCT_NAME = "$(TARGET_NAME)";
				TARGETED_DEVICE_FAMILY = "1,2";
				TEST_TARGET_NAME = WLListView;
			};
			name = Debug;
		};
		8B518B8222E6FD8700C1C12C /* Release */ = {
			isa = XCBuildConfiguration;
			buildSettings = {
				CODE_SIGN_STYLE = Automatic;
				INFOPLIST_FILE = WLListViewUITests/Info.plist;
				LD_RUNPATH_SEARCH_PATHS = (
					"$(inherited)",
					"@executable_path/Frameworks",
					"@loader_path/Frameworks",
				);
				PRODUCT_BUNDLE_IDENTIFIER = DaLiang.WLListViewUITests;
				PRODUCT_NAME = "$(TARGET_NAME)";
				TARGETED_DEVICE_FAMILY = "1,2";
				TEST_TARGET_NAME = WLListView;
			};
			name = Release;
		};
/* End XCBuildConfiguration section */

/* Begin XCConfigurationList section */
		8B518B4922E6FD8600C1C12C /* Build configuration list for PBXProject "WLListView" */ = {
			isa = XCConfigurationList;
			buildConfigurations = (
				8B518B7822E6FD8700C1C12C /* Debug */,
				8B518B7922E6FD8700C1C12C /* Release */,
			);
			defaultConfigurationIsVisible = 0;
			defaultConfigurationName = Release;
		};
		8B518B7A22E6FD8700C1C12C /* Build configuration list for PBXNativeTarget "WLListView" */ = {
			isa = XCConfigurationList;
			buildConfigurations = (
				8B518B7B22E6FD8700C1C12C /* Debug */,
				8B518B7C22E6FD8700C1C12C /* Release */,
			);
			defaultConfigurationIsVisible = 0;
			defaultConfigurationName = Release;
		};
		8B518B7D22E6FD8700C1C12C /* Build configuration list for PBXNativeTarget "WLListViewTests" */ = {
			isa = XCConfigurationList;
			buildConfigurations = (
				8B518B7E22E6FD8700C1C12C /* Debug */,
				8B518B7F22E6FD8700C1C12C /* Release */,
			);
			defaultConfigurationIsVisible = 0;
			defaultConfigurationName = Release;
		};
		8B518B8022E6FD8700C1C12C /* Build configuration list for PBXNativeTarget "WLListViewUITests" */ = {
			isa = XCConfigurationList;
			buildConfigurations = (
				8B518B8122E6FD8700C1C12C /* Debug */,
				8B518B8222E6FD8700C1C12C /* Release */,
			);
			defaultConfigurationIsVisible = 0;
			defaultConfigurationName = Release;
		};
/* End XCConfigurationList section */
	};
	rootObject = 8B518B4622E6FD8600C1C12C /* Project object */;
}
